
Microsoft Visual Studio Solution File, Format Version 12.00
# Visual Studio 15
Project("{2150E333-8FDC-42A3-9474-1A3956D46DE8}") = "src", "src", "{A9B442AF-8FDB-43F4-868E-E0BE766AF74C}"
EndProject
Project("{FAE04EC0-301F-11D3-BF4B-00C04F79EFBC}") = "PGroonga.EntityFrameworkCore", "src\PGroonga.EntityFrameworkCore\PGroonga.EntityFrameworkCore.csproj", "{B164A0CB-F862-4C4C-AD13-36873BAFDE93}"
EndProject
Project("{2150E333-8FDC-42A3-9474-1A3956D46DE8}") = "tests", "tests", "{E8D7E74B-BD91-4231-9096-824CB2DFB3FD}"
EndProject
Project("{FAE04EC0-301F-11D3-BF4B-00C04F79EFBC}") = "PGroongaTests", "tests\PGroongaTests\PGroongaTests.csproj", "{A21DF62A-3010-4B50-82CD-4B0475454772}"
EndProject
Global
	GlobalSection(SolutionConfigurationPlatforms) = preSolution
		Debug|Any CPU = Debug|Any CPU
		Release|Any CPU = Release|Any CPU
	EndGlobalSection
	GlobalSection(ProjectConfigurationPlatforms) = postSolution
		{B164A0CB-F862-4C4C-AD13-36873BAFDE93}.Debug|Any CPU.ActiveCfg = Debug|Any CPU
		{B164A0CB-F862-4C4C-AD13-36873BAFDE93}.Debug|Any CPU.Build.0 = Debug|Any CPU
		{B164A0CB-F862-4C4C-AD13-36873BAFDE93}.Release|Any CPU.ActiveCfg = Release|Any CPU
		{B164A0CB-F862-4C4C-AD13-36873BAFDE93}.Release|Any CPU.Build.0 = Release|Any CPU
		{A21DF62A-3010-4B50-82CD-4B0475454772}.Debug|Any CPU.ActiveCfg = Debug|Any CPU
		{A21DF62A-3010-4B50-82CD-4B0475454772}.Debug|Any CPU.Build.0 = Debug|Any CPU
		{A21DF62A-3010-4B50-82CD-4B0475454772}.Release|Any CPU.ActiveCfg = Release|Any CPU
		{A21DF62A-3010-4B50-82CD-4B0475454772}.Release|Any CPU.Build.0 = Release|Any CPU
	EndGlobalSection
	GlobalSection(NestedProjects) = preSolution
		{B164A0CB-F862-4C4C-AD13-36873BAFDE93} = {A9B442AF-8FDB-43F4-868E-E0BE766AF74C}
		{A21DF62A-3010-4B50-82CD-4B0475454772} = {E8D7E74B-BD91-4231-9096-824CB2DFB3FD}
	EndGlobalSection
EndGlobal
